
Microsoft Visual Studio Solution File, Format Version 12.00
# Visual Studio Version 17
VisualStudioVersion = 17.5.002.0
MinimumVisualStudioVersion = 10.0.40219.1
Project("{9A19103F-16F7-4668-BE54-9A1E7A4F7556}") = "FinalProjectAnimalShop", "FinalProjectAnimalShop.csproj", "{09287C2A-4490-4531-8CF0-492634D62BBF}"
EndProject
Global
	GlobalSection(SolutionConfigurationPlatforms) = preSolution
		Debug|Any CPU = Debug|Any CPU
		Release|Any CPU = Release|Any CPU
	EndGlobalSection
	GlobalSection(ProjectConfigurationPlatforms) = postSolution
		{09287C2A-4490-4531-8CF0-492634D62BBF}.Debug|Any CPU.ActiveCfg = Debug|Any CPU
		{09287C2A-4490-4531-8CF0-492634D62BBF}.Debug|Any CPU.Build.0 = Debug|Any CPU
		{09287C2A-4490-4531-8CF0-492634D62BBF}.Release|Any CPU.ActiveCfg = Release|Any CPU
		{09287C2A-4490-4531-8CF0-492634D62BBF}.Release|Any CPU.Build.0 = Release|Any CPU
	EndGlobalSection
	GlobalSection(SolutionProperties) = preSolution
		HideSolutionNode = FALSE
	EndGlobalSection
	GlobalSection(ExtensibilityGlobals) = postSolution
		SolutionGuid = {261C7B55-ABC1-4F38-B95D-6FA811F5F758}
	EndGlobalSection
EndGlobal
